
Microsoft Visual Studio Solution File, Format Version 12.00
# Visual Studio Version 17
VisualStudioVersion = 17.6.33723.286
MinimumVisualStudioVersion = 10.0.40219.1
Project("{FAE04EC0-301F-11D3-BF4B-00C04F79EFBC}") = "PriPixelCalculator", "PriPixelCalculator\PriPixelCalculator.csproj", "{699E4E04-6B84-4E15-A375-0582F1A7C5CB}"
EndProject
Global
	GlobalSection(SolutionConfigurationPlatforms) = preSolution
		Debug|Any CPU = Debug|Any CPU
		Release|Any CPU = Release|Any CPU
	EndGlobalSection
	GlobalSection(ProjectConfigurationPlatforms) = postSolution
		{699E4E04-6B84-4E15-A375-0582F1A7C5CB}.Debug|Any CPU.ActiveCfg = Debug|Any CPU
		{699E4E04-6B84-4E15-A375-0582F1A7C5CB}.Debug|Any CPU.Build.0 = Debug|Any CPU
		{699E4E04-6B84-4E15-A375-0582F1A7C5CB}.Release|Any CPU.ActiveCfg = Release|Any CPU
		{699E4E04-6B84-4E15-A375-0582F1A7C5CB}.Release|Any CPU.Build.0 = Release|Any CPU
	EndGlobalSection
	GlobalSection(SolutionProperties) = preSolution
		HideSolutionNode = FALSE
	EndGlobalSection
	GlobalSection(ExtensibilityGlobals) = postSolution
		SolutionGuid = {F4677B6C-FDB2-4BAF-A708-B02E1CFC3401}
	EndGlobalSection
EndGlobal
