
Microsoft Visual Studio Solution File, Format Version 12.00
# Visual Studio Version 17
VisualStudioVersion = 17.6.33723.286
MinimumVisualStudioVersion = 10.0.40219.1
Project("{FAE04EC0-301F-11D3-BF4B-00C04F79EFBC}") = "PriorityCalculator", "PriorityCalculator\PriorityCalculator.csproj", "{FBCB70FD-C759-475E-9D27-3FC3F691C71F}"
EndProject
Global
	GlobalSection(SolutionConfigurationPlatforms) = preSolution
		Debug|Any CPU = Debug|Any CPU
		Release|Any CPU = Release|Any CPU
	EndGlobalSection
	GlobalSection(ProjectConfigurationPlatforms) = postSolution
		{FBCB70FD-C759-475E-9D27-3FC3F691C71F}.Debug|Any CPU.ActiveCfg = Debug|Any CPU
		{FBCB70FD-C759-475E-9D27-3FC3F691C71F}.Debug|Any CPU.Build.0 = Debug|Any CPU
		{FBCB70FD-C759-475E-9D27-3FC3F691C71F}.Release|Any CPU.ActiveCfg = Release|Any CPU
		{FBCB70FD-C759-475E-9D27-3FC3F691C71F}.Release|Any CPU.Build.0 = Release|Any CPU
	EndGlobalSection
	GlobalSection(SolutionProperties) = preSolution
		HideSolutionNode = FALSE
	EndGlobalSection
	GlobalSection(ExtensibilityGlobals) = postSolution
		SolutionGuid = {7716FF27-935C-4CFE-846C-B0DE94A7DF8B}
	EndGlobalSection
EndGlobal
