
Microsoft Visual Studio Solution File, Format Version 12.00
# Visual Studio Version 17
VisualStudioVersion = 17.1.32328.378
MinimumVisualStudioVersion = 10.0.40219.1
Project("{FAE04EC0-301F-11D3-BF4B-00C04F79EFBC}") = "ByteArrayGenerator", "ByteArrayGenerator\ByteArrayGenerator.csproj", "{045F82A4-60E8-469F-88C1-C81AD50819CC}"
EndProject
Global
	GlobalSection(SolutionConfigurationPlatforms) = preSolution
		Debug|Any CPU = Debug|Any CPU
		Release|Any CPU = Release|Any CPU
	EndGlobalSection
	GlobalSection(ProjectConfigurationPlatforms) = postSolution
		{045F82A4-60E8-469F-88C1-C81AD50819CC}.Debug|Any CPU.ActiveCfg = Debug|Any CPU
		{045F82A4-60E8-469F-88C1-C81AD50819CC}.Debug|Any CPU.Build.0 = Debug|Any CPU
		{045F82A4-60E8-469F-88C1-C81AD50819CC}.Release|Any CPU.ActiveCfg = Release|Any CPU
		{045F82A4-60E8-469F-88C1-C81AD50819CC}.Release|Any CPU.Build.0 = Release|Any CPU
	EndGlobalSection
	GlobalSection(SolutionProperties) = preSolution
		HideSolutionNode = FALSE
	EndGlobalSection
	GlobalSection(ExtensibilityGlobals) = postSolution
		SolutionGuid = {44FD793F-ADE6-4816-8AF0-8C94D426D466}
	EndGlobalSection
EndGlobal
